// !$*UTF8*$!
{
	archiveVersion = 1;
	classes = {
	};
	objectVersion = 56;
	objects = {

/* Begin PBXBuildFile section */
		FF5FAEE12AD8A3CC00523CFD /* AppDelegate.swift in Sources */ = {isa = PBXBuildFile; fileRef = FF5FAEE02AD8A3CC00523CFD /* AppDelegate.swift */; };
		FF5FAEE32AD8A3CC00523CFD /* SceneDelegate.swift in Sources */ = {isa = PBXBuildFile; fileRef = FF5FAEE22AD8A3CC00523CFD /* SceneDelegate.swift */; };
		FF5FAEE82AD8A3CC00523CFD /* Main.storyboard in Resources */ = {isa = PBXBuildFile; fileRef = FF5FAEE62AD8A3CC00523CFD /* Main.storyboard */; };
		FF5FAEED2AD8A3CD00523CFD /* LaunchScreen.storyboard in Resources */ = {isa = PBXBuildFile; fileRef = FF5FAEEB2AD8A3CD00523CFD /* LaunchScreen.storyboard */; };
		FF5FAF0A2AD9B5DF00523CFD /* burnley.mp3 in Resources */ = {isa = PBXBuildFile; fileRef = FF5FAEF62AD9B5DF00523CFD /* burnley.mp3 */; };
		FF5FAF0B2AD9B5DF00523CFD /* newcastle.mp3 in Resources */ = {isa = PBXBuildFile; fileRef = FF5FAEF72AD9B5DF00523CFD /* newcastle.mp3 */; };
		FF5FAF0C2AD9B5DF00523CFD /* sheffield.mp3 in Resources */ = {isa = PBXBuildFile; fileRef = FF5FAEF82AD9B5DF00523CFD /* sheffield.mp3 */; };
		FF5FAF0D2AD9B5DF00523CFD /* west_brom.mp3 in Resources */ = {isa = PBXBuildFile; fileRef = FF5FAEF92AD9B5DF00523CFD /* west_brom.mp3 */; };
		FF5FAF0E2AD9B5DF00523CFD /* wolves.mp3 in Resources */ = {isa = PBXBuildFile; fileRef = FF5FAEFA2AD9B5DF00523CFD /* wolves.mp3 */; };
		FF5FAF0F2AD9B5DF00523CFD /* aston_villa.mp3 in Resources */ = {isa = PBXBuildFile; fileRef = FF5FAEFB2AD9B5DF00523CFD /* aston_villa.mp3 */; };
		FF5FAF102AD9B5DF00523CFD /* liverpool.mp3 in Resources */ = {isa = PBXBuildFile; fileRef = FF5FAEFC2AD9B5DF00523CFD /* liverpool.mp3 */; };
		FF5FAF112AD9B5DF00523CFD /* fulham.mp3 in Resources */ = {isa = PBXBuildFile; fileRef = FF5FAEFD2AD9B5DF00523CFD /* fulham.mp3 */; };
		FF5FAF122AD9B5DF00523CFD /* southampton.mp3 in Resources */ = {isa = PBXBuildFile; fileRef = FF5FAEFE2AD9B5DF00523CFD /* southampton.mp3 */; };
		FF5FAF132AD9B5DF00523CFD /* chelsea.mp3 in Resources */ = {isa = PBXBuildFile; fileRef = FF5FAEFF2AD9B5DF00523CFD /* chelsea.mp3 */; };
		FF5FAF142AD9B5DF00523CFD /* leeds.mp3 in Resources */ = {isa = PBXBuildFile; fileRef = FF5FAF002AD9B5DF00523CFD /* leeds.mp3 */; };
		FF5FAF152AD9B5DF00523CFD /* palace.mp3 in Resources */ = {isa = PBXBuildFile; fileRef = FF5FAF012AD9B5DF00523CFD /* palace.mp3 */; };
		FF5FAF162AD9B5DF00523CFD /* tottenham.mp3 in Resources */ = {isa = PBXBuildFile; fileRef = FF5FAF022AD9B5DF00523CFD /* tottenham.mp3 */; };
		FF5FAF172AD9B5DF00523CFD /* brighton.mp3 in Resources */ = {isa = PBXBuildFile; fileRef = FF5FAF032AD9B5DF00523CFD /* brighton.mp3 */; };
		FF5FAF182AD9B5DF00523CFD /* leicester.mp3 in Resources */ = {isa = PBXBuildFile; fileRef = FF5FAF042AD9B5DF00523CFD /* leicester.mp3 */; };
		FF5FAF192AD9B5DF00523CFD /* manchester_city.mp3 in Resources */ = {isa = PBXBuildFile; fileRef = FF5FAF052AD9B5DF00523CFD /* manchester_city.mp3 */; };
		FF5FAF1A2AD9B5DF00523CFD /* manchester_united.mp3 in Resources */ = {isa = PBXBuildFile; fileRef = FF5FAF062AD9B5DF00523CFD /* manchester_united.mp3 */; };
		FF5FAF1B2AD9B5DF00523CFD /* arsenal.mp3 in Resources */ = {isa = PBXBuildFile; fileRef = FF5FAF072AD9B5DF00523CFD /* arsenal.mp3 */; };
		FF5FAF1C2AD9B5DF00523CFD /* everton.mp3 in Resources */ = {isa = PBXBuildFile; fileRef = FF5FAF082AD9B5DF00523CFD /* everton.mp3 */; };
		FF5FAF1D2AD9B5DF00523CFD /* Teams.swift in Sources */ = {isa = PBXBuildFile; fileRef = FF5FAF092AD9B5DF00523CFD /* Teams.swift */; };
		FF5FAF1F2AD9B60200523CFD /* Assets.xcassets in Resources */ = {isa = PBXBuildFile; fileRef = FF5FAF1E2AD9B60200523CFD /* Assets.xcassets */; };
		FF5FAF222AD9D52200523CFD /* ChantsViewController.swift in Sources */ = {isa = PBXBuildFile; fileRef = FF5FAF212AD9D52200523CFD /* ChantsViewController.swift */; };
		FF5FAF252AD9EEBE00523CFD /* Team.swift in Sources */ = {isa = PBXBuildFile; fileRef = FF5FAF242AD9EEBE00523CFD /* Team.swift */; };
		FF5FAF272AD9EF4A00523CFD /* Manager.swift in Sources */ = {isa = PBXBuildFile; fileRef = FF5FAF262AD9EF4A00523CFD /* Manager.swift */; };
		FF5FAF2A2AD9EFFD00523CFD /* TeamsViewModel.swift in Sources */ = {isa = PBXBuildFile; fileRef = FF5FAF292AD9EFFD00523CFD /* TeamsViewModel.swift */; };
		FF5FAF2D2ADC2DE500523CFD /* TeamTableViewCell.swift in Sources */ = {isa = PBXBuildFile; fileRef = FF5FAF2C2ADC2DE500523CFD /* TeamTableViewCell.swift */; };
		FFF3B3AD2AEDA03800325619 /* Assets.swift in Sources */ = {isa = PBXBuildFile; fileRef = FFF3B3AC2AEDA03800325619 /* Assets.swift */; };
/* End PBXBuildFile section */

/* Begin PBXFileReference section */
		FF5FAEDD2AD8A3CC00523CFD /* Football Chants.app */ = {isa = PBXFileReference; explicitFileType = wrapper.application; includeInIndex = 0; path = "Football Chants.app"; sourceTree = BUILT_PRODUCTS_DIR; };
		FF5FAEE02AD8A3CC00523CFD /* AppDelegate.swift */ = {isa = PBXFileReference; lastKnownFileType = sourcecode.swift; path = AppDelegate.swift; sourceTree = "<group>"; };
		FF5FAEE22AD8A3CC00523CFD /* SceneDelegate.swift */ = {isa = PBXFileReference; lastKnownFileType = sourcecode.swift; path = SceneDelegate.swift; sourceTree = "<group>"; };
		FF5FAEE72AD8A3CC00523CFD /* Base */ = {isa = PBXFileReference; lastKnownFileType = file.storyboard; name = Base; path = Base.lproj/Main.storyboard; sourceTree = "<group>"; };
		FF5FAEEC2AD8A3CD00523CFD /* Base */ = {isa = PBXFileReference; lastKnownFileType = file.storyboard; name = Base; path = Base.lproj/LaunchScreen.storyboard; sourceTree = "<group>"; };
		FF5FAEEE2AD8A3CD00523CFD /* Info.plist */ = {isa = PBXFileReference; lastKnownFileType = text.plist.xml; path = Info.plist; sourceTree = "<group>"; };
		FF5FAEF62AD9B5DF00523CFD /* burnley.mp3 */ = {isa = PBXFileReference; lastKnownFileType = audio.mp3; path = burnley.mp3; sourceTree = "<group>"; };
		FF5FAEF72AD9B5DF00523CFD /* newcastle.mp3 */ = {isa = PBXFileReference; lastKnownFileType = audio.mp3; path = newcastle.mp3; sourceTree = "<group>"; };
		FF5FAEF82AD9B5DF00523CFD /* sheffield.mp3 */ = {isa = PBXFileReference; lastKnownFileType = audio.mp3; path = sheffield.mp3; sourceTree = "<group>"; };
		FF5FAEF92AD9B5DF00523CFD /* west_brom.mp3 */ = {isa = PBXFileReference; lastKnownFileType = audio.mp3; path = west_brom.mp3; sourceTree = "<group>"; };
		FF5FAEFA2AD9B5DF00523CFD /* wolves.mp3 */ = {isa = PBXFileReference; lastKnownFileType = audio.mp3; path = wolves.mp3; sourceTree = "<group>"; };
		FF5FAEFB2AD9B5DF00523CFD /* aston_villa.mp3 */ = {isa = PBXFileReference; lastKnownFileType = audio.mp3; path = aston_villa.mp3; sourceTree = "<group>"; };
		FF5FAEFC2AD9B5DF00523CFD /* liverpool.mp3 */ = {isa = PBXFileReference; lastKnownFileType = audio.mp3; path = liverpool.mp3; sourceTree = "<group>"; };
		FF5FAEFD2AD9B5DF00523CFD /* fulham.mp3 */ = {isa = PBXFileReference; lastKnownFileType = audio.mp3; path = fulham.mp3; sourceTree = "<group>"; };
		FF5FAEFE2AD9B5DF00523CFD /* southampton.mp3 */ = {isa = PBXFileReference; lastKnownFileType = audio.mp3; path = southampton.mp3; sourceTree = "<group>"; };
		FF5FAEFF2AD9B5DF00523CFD /* chelsea.mp3 */ = {isa = PBXFileReference; lastKnownFileType = audio.mp3; path = chelsea.mp3; sourceTree = "<group>"; };
		FF5FAF002AD9B5DF00523CFD /* leeds.mp3 */ = {isa = PBXFileReference; lastKnownFileType = audio.mp3; path = leeds.mp3; sourceTree = "<group>"; };
		FF5FAF012AD9B5DF00523CFD /* palace.mp3 */ = {isa = PBXFileReference; lastKnownFileType = audio.mp3; path = palace.mp3; sourceTree = "<group>"; };
		FF5FAF022AD9B5DF00523CFD /* tottenham.mp3 */ = {isa = PBXFileReference; lastKnownFileType = audio.mp3; path = tottenham.mp3; sourceTree = "<group>"; };
		FF5FAF032AD9B5DF00523CFD /* brighton.mp3 */ = {isa = PBXFileReference; lastKnownFileType = audio.mp3; path = brighton.mp3; sourceTree = "<group>"; };
		FF5FAF042AD9B5DF00523CFD /* leicester.mp3 */ = {isa = PBXFileReference; lastKnownFileType = audio.mp3; path = leicester.mp3; sourceTree = "<group>"; };
		FF5FAF052AD9B5DF00523CFD /* manchester_city.mp3 */ = {isa = PBXFileReference; lastKnownFileType = audio.mp3; path = manchester_city.mp3; sourceTree = "<group>"; };
		FF5FAF062AD9B5DF00523CFD /* manchester_united.mp3 */ = {isa = PBXFileReference; lastKnownFileType = audio.mp3; path = manchester_united.mp3; sourceTree = "<group>"; };
		FF5FAF072AD9B5DF00523CFD /* arsenal.mp3 */ = {isa = PBXFileReference; lastKnownFileType = audio.mp3; path = arsenal.mp3; sourceTree = "<group>"; };
		FF5FAF082AD9B5DF00523CFD /* everton.mp3 */ = {isa = PBXFileReference; lastKnownFileType = audio.mp3; path = everton.mp3; sourceTree = "<group>"; };
		FF5FAF092AD9B5DF00523CFD /* Teams.swift */ = {isa = PBXFileReference; fileEncoding = 4; lastKnownFileType = sourcecode.swift; path = Teams.swift; sourceTree = "<group>"; };
		FF5FAF1E2AD9B60200523CFD /* Assets.xcassets */ = {isa = PBXFileReference; lastKnownFileType = folder.assetcatalog; path = Assets.xcassets; sourceTree = "<group>"; };
		FF5FAF212AD9D52200523CFD /* ChantsViewController.swift */ = {isa = PBXFileReference; lastKnownFileType = sourcecode.swift; path = ChantsViewController.swift; sourceTree = "<group>"; };
		FF5FAF242AD9EEBE00523CFD /* Team.swift */ = {isa = PBXFileReference; lastKnownFileType = sourcecode.swift; path = Team.swift; sourceTree = "<group>"; };
		FF5FAF262AD9EF4A00523CFD /* Manager.swift */ = {isa = PBXFileReference; lastKnownFileType = sourcecode.swift; path = Manager.swift; sourceTree = "<group>"; };
		FF5FAF292AD9EFFD00523CFD /* TeamsViewModel.swift */ = {isa = PBXFileReference; fileEncoding = 4; lastKnownFileType = sourcecode.swift; path = TeamsViewModel.swift; sourceTree = "<group>"; };
		FF5FAF2C2ADC2DE500523CFD /* TeamTableViewCell.swift */ = {isa = PBXFileReference; lastKnownFileType = sourcecode.swift; path = TeamTableViewCell.swift; sourceTree = "<group>"; };
		FFF3B3AC2AEDA03800325619 /* Assets.swift */ = {isa = PBXFileReference; lastKnownFileType = sourcecode.swift; path = Assets.swift; sourceTree = "<group>"; };
/* End PBXFileReference section */

/* Begin PBXFrameworksBuildPhase section */
		FF5FAEDA2AD8A3CC00523CFD /* Frameworks */ = {
			isa = PBXFrameworksBuildPhase;
			buildActionMask = 2147483647;
			files = (
			);
			runOnlyForDeploymentPostprocessing = 0;
		};
/* End PBXFrameworksBuildPhase section */

/* Begin PBXGroup section */
		FF5FAED42AD8A3CC00523CFD = {
			isa = PBXGroup;
			children = (
				FF5FAEDF2AD8A3CC00523CFD /* Football Chants */,
				FF5FAEDE2AD8A3CC00523CFD /* Products */,
			);
			sourceTree = "<group>";
		};
		FF5FAEDE2AD8A3CC00523CFD /* Products */ = {
			isa = PBXGroup;
			children = (
				FF5FAEDD2AD8A3CC00523CFD /* Football Chants.app */,
			);
			name = Products;
			sourceTree = "<group>";
		};
		FF5FAEDF2AD8A3CC00523CFD /* Football Chants */ = {
			isa = PBXGroup;
			children = (
				FF5FAF2B2AD9F3DB00523CFD /* Views */,
				FF5FAF282AD9EFFD00523CFD /* ViewModel */,
				FF5FAF232AD9EEA700523CFD /* Model */,
				FF5FAF202AD9D4D200523CFD /* ViewController */,
				FF5FAEF42AD9B5DF00523CFD /* Teams&Chants */,
				FF5FAEE02AD8A3CC00523CFD /* AppDelegate.swift */,
				FF5FAEE22AD8A3CC00523CFD /* SceneDelegate.swift */,
				FF5FAF1E2AD9B60200523CFD /* Assets.xcassets */,
				FF5FAEE62AD8A3CC00523CFD /* Main.storyboard */,
				FF5FAEEB2AD8A3CD00523CFD /* LaunchScreen.storyboard */,
				FF5FAEEE2AD8A3CD00523CFD /* Info.plist */,
			);
			path = "Football Chants";
			sourceTree = "<group>";
		};
		FF5FAEF42AD9B5DF00523CFD /* Teams&Chants */ = {
			isa = PBXGroup;
			children = (
				FF5FAEF52AD9B5DF00523CFD /* Chants */,
				FF5FAF092AD9B5DF00523CFD /* Teams.swift */,
				FFF3B3AC2AEDA03800325619 /* Assets.swift */,
			);
			path = "Teams&Chants";
			sourceTree = "<group>";
		};
		FF5FAEF52AD9B5DF00523CFD /* Chants */ = {
			isa = PBXGroup;
			children = (
				FF5FAEF62AD9B5DF00523CFD /* burnley.mp3 */,
				FF5FAEF72AD9B5DF00523CFD /* newcastle.mp3 */,
				FF5FAEF82AD9B5DF00523CFD /* sheffield.mp3 */,
				FF5FAEF92AD9B5DF00523CFD /* west_brom.mp3 */,
				FF5FAEFA2AD9B5DF00523CFD /* wolves.mp3 */,
				FF5FAEFB2AD9B5DF00523CFD /* aston_villa.mp3 */,
				FF5FAEFC2AD9B5DF00523CFD /* liverpool.mp3 */,
				FF5FAEFD2AD9B5DF00523CFD /* fulham.mp3 */,
				FF5FAEFE2AD9B5DF00523CFD /* southampton.mp3 */,
				FF5FAEFF2AD9B5DF00523CFD /* chelsea.mp3 */,
				FF5FAF002AD9B5DF00523CFD /* leeds.mp3 */,
				FF5FAF012AD9B5DF00523CFD /* palace.mp3 */,
				FF5FAF022AD9B5DF00523CFD /* tottenham.mp3 */,
				FF5FAF032AD9B5DF00523CFD /* brighton.mp3 */,
				FF5FAF042AD9B5DF00523CFD /* leicester.mp3 */,
				FF5FAF052AD9B5DF00523CFD /* manchester_city.mp3 */,
				FF5FAF062AD9B5DF00523CFD /* manchester_united.mp3 */,
				FF5FAF072AD9B5DF00523CFD /* arsenal.mp3 */,
				FF5FAF082AD9B5DF00523CFD /* everton.mp3 */,
			);
			path = Chants;
			sourceTree = "<group>";
		};
		FF5FAF202AD9D4D200523CFD /* ViewController */ = {
			isa = PBXGroup;
			children = (
				FF5FAF212AD9D52200523CFD /* ChantsViewController.swift */,
			);
			path = ViewController;
			sourceTree = "<group>";
		};
		FF5FAF232AD9EEA700523CFD /* Model */ = {
			isa = PBXGroup;
			children = (
				FF5FAF242AD9EEBE00523CFD /* Team.swift */,
				FF5FAF262AD9EF4A00523CFD /* Manager.swift */,
			);
			path = Model;
			sourceTree = "<group>";
		};
		FF5FAF282AD9EFFD00523CFD /* ViewModel */ = {
			isa = PBXGroup;
			children = (
				FF5FAF292AD9EFFD00523CFD /* TeamsViewModel.swift */,
			);
			path = ViewModel;
			sourceTree = "<group>";
		};
		FF5FAF2B2AD9F3DB00523CFD /* Views */ = {
			isa = PBXGroup;
			children = (
				FF5FAF2C2ADC2DE500523CFD /* TeamTableViewCell.swift */,
			);
			path = Views;
			sourceTree = "<group>";
		};
/* End PBXGroup section */

/* Begin PBXNativeTarget section */
		FF5FAEDC2AD8A3CC00523CFD /* Football Chants */ = {
			isa = PBXNativeTarget;
			buildConfigurationList = FF5FAEF12AD8A3CD00523CFD /* Build configuration list for PBXNativeTarget "Football Chants" */;
			buildPhases = (
				FF5FAED92AD8A3CC00523CFD /* Sources */,
				FF5FAEDA2AD8A3CC00523CFD /* Frameworks */,
				FF5FAEDB2AD8A3CC00523CFD /* Resources */,
			);
			buildRules = (
			);
			dependencies = (
			);
			name = "Football Chants";
			productName = "Football Chants";
			productReference = FF5FAEDD2AD8A3CC00523CFD /* Football Chants.app */;
			productType = "com.apple.product-type.application";
		};
/* End PBXNativeTarget section */

/* Begin PBXProject section */
		FF5FAED52AD8A3CC00523CFD /* Project object */ = {
			isa = PBXProject;
			attributes = {
				BuildIndependentTargetsInParallel = 1;
				LastSwiftUpdateCheck = 1430;
				LastUpgradeCheck = 1430;
				TargetAttributes = {
					FF5FAEDC2AD8A3CC00523CFD = {
						CreatedOnToolsVersion = 14.3.1;
					};
				};
			};
			buildConfigurationList = FF5FAED82AD8A3CC00523CFD /* Build configuration list for PBXProject "Football Chants" */;
			compatibilityVersion = "Xcode 14.0";
			developmentRegion = en;
			hasScannedForEncodings = 0;
			knownRegions = (
				en,
				Base,
			);
			mainGroup = FF5FAED42AD8A3CC00523CFD;
			productRefGroup = FF5FAEDE2AD8A3CC00523CFD /* Products */;
			projectDirPath = "";
			projectRoot = "";
			targets = (
				FF5FAEDC2AD8A3CC00523CFD /* Football Chants */,
			);
		};
/* End PBXProject section */

/* Begin PBXResourcesBuildPhase section */
		FF5FAEDB2AD8A3CC00523CFD /* Resources */ = {
			isa = PBXResourcesBuildPhase;
			buildActionMask = 2147483647;
			files = (
				FF5FAF152AD9B5DF00523CFD /* palace.mp3 in Resources */,
				FF5FAF112AD9B5DF00523CFD /* fulham.mp3 in Resources */,
				FF5FAF1F2AD9B60200523CFD /* Assets.xcassets in Resources */,
				FF5FAF132AD9B5DF00523CFD /* chelsea.mp3 in Resources */,
				FF5FAF0E2AD9B5DF00523CFD /* wolves.mp3 in Resources */,
				FF5FAF1C2AD9B5DF00523CFD /* everton.mp3 in Resources */,
				FF5FAEED2AD8A3CD00523CFD /* LaunchScreen.storyboard in Resources */,
				FF5FAF122AD9B5DF00523CFD /* southampton.mp3 in Resources */,
				FF5FAF0F2AD9B5DF00523CFD /* aston_villa.mp3 in Resources */,
				FF5FAF182AD9B5DF00523CFD /* leicester.mp3 in Resources */,
				FF5FAF0B2AD9B5DF00523CFD /* newcastle.mp3 in Resources */,
				FF5FAF1A2AD9B5DF00523CFD /* manchester_united.mp3 in Resources */,
				FF5FAF0D2AD9B5DF00523CFD /* west_brom.mp3 in Resources */,
				FF5FAF0C2AD9B5DF00523CFD /* sheffield.mp3 in Resources */,
				FF5FAF0A2AD9B5DF00523CFD /* burnley.mp3 in Resources */,
				FF5FAEE82AD8A3CC00523CFD /* Main.storyboard in Resources */,
				FF5FAF142AD9B5DF00523CFD /* leeds.mp3 in Resources */,
				FF5FAF102AD9B5DF00523CFD /* liverpool.mp3 in Resources */,
				FF5FAF162AD9B5DF00523CFD /* tottenham.mp3 in Resources */,
				FF5FAF172AD9B5DF00523CFD /* brighton.mp3 in Resources */,
				FF5FAF1B2AD9B5DF00523CFD /* arsenal.mp3 in Resources */,
				FF5FAF192AD9B5DF00523CFD /* manchester_city.mp3 in Resources */,
			);
			runOnlyForDeploymentPostprocessing = 0;
		};
/* End PBXResourcesBuildPhase section */

/* Begin PBXSourcesBuildPhase section */
		FF5FAED92AD8A3CC00523CFD /* Sources */ = {
			isa = PBXSourcesBuildPhase;
			buildActionMask = 2147483647;
			files = (
				FF5FAF222AD9D52200523CFD /* ChantsViewController.swift in Sources */,
				FF5FAF2A2AD9EFFD00523CFD /* TeamsViewModel.swift in Sources */,
				FF5FAF272AD9EF4A00523CFD /* Manager.swift in Sources */,
				FF5FAF1D2AD9B5DF00523CFD /* Teams.swift in Sources */,
				FF5FAF2D2ADC2DE500523CFD /* TeamTableViewCell.swift in Sources */,
				FF5FAEE12AD8A3CC00523CFD /* AppDelegate.swift in Sources */,
				FF5FAF252AD9EEBE00523CFD /* Team.swift in Sources */,
				FF5FAEE32AD8A3CC00523CFD /* SceneDelegate.swift in Sources */,
				FFF3B3AD2AEDA03800325619 /* Assets.swift in Sources */,
			);
			runOnlyForDeploymentPostprocessing = 0;
		};
/* End PBXSourcesBuildPhase section */

/* Begin PBXVariantGroup section */
		FF5FAEE62AD8A3CC00523CFD /* Main.storyboard */ = {
			isa = PBXVariantGroup;
			children = (
				FF5FAEE72AD8A3CC00523CFD /* Base */,
			);
			name = Main.storyboard;
			sourceTree = "<group>";
		};
		FF5FAEEB2AD8A3CD00523CFD /* LaunchScreen.storyboard */ = {
			isa = PBXVariantGroup;
			children = (
				FF5FAEEC2AD8A3CD00523CFD /* Base */,
			);
			name = LaunchScreen.storyboard;
			sourceTree = "<group>";
		};
/* End PBXVariantGroup section */

/* Begin XCBuildConfiguration section */
		FF5FAEEF2AD8A3CD00523CFD /* Debug */ = {
			isa = XCBuildConfiguration;
			buildSettings = {
				ALWAYS_SEARCH_USER_PATHS = NO;
				CLANG_ANALYZER_NONNULL = YES;
				CLANG_ANALYZER_NUMBER_OBJECT_CONVERSION = YES_AGGRESSIVE;
				CLANG_CXX_LANGUAGE_STANDARD = "gnu++20";
				CLANG_ENABLE_MODULES = YES;
				CLANG_ENABLE_OBJC_ARC = YES;
				CLANG_ENABLE_OBJC_WEAK = YES;
				CLANG_WARN_BLOCK_CAPTURE_AUTORELEASING = YES;
				CLANG_WARN_BOOL_CONVERSION = YES;
				CLANG_WARN_COMMA = YES;
				CLANG_WARN_CONSTANT_CONVERSION = YES;
				CLANG_WARN_DEPRECATED_OBJC_IMPLEMENTATIONS = YES;
				CLANG_WARN_DIRECT_OBJC_ISA_USAGE = YES_ERROR;
				CLANG_WARN_DOCUMENTATION_COMMENTS = YES;
				CLANG_WARN_EMPTY_BODY = YES;
				CLANG_WARN_ENUM_CONVERSION = YES;
				CLANG_WARN_INFINITE_RECURSION = YES;
				CLANG_WARN_INT_CONVERSION = YES;
				CLANG_WARN_NON_LITERAL_NULL_CONVERSION = YES;
				CLANG_WARN_OBJC_IMPLICIT_RETAIN_SELF = YES;
				CLANG_WARN_OBJC_LITERAL_CONVERSION = YES;
				CLANG_WARN_OBJC_ROOT_CLASS = YES_ERROR;
				CLANG_WARN_QUOTED_INCLUDE_IN_FRAMEWORK_HEADER = YES;
				CLANG_WARN_RANGE_LOOP_ANALYSIS = YES;
				CLANG_WARN_STRICT_PROTOTYPES = YES;
				CLANG_WARN_SUSPICIOUS_MOVE = YES;
				CLANG_WARN_UNGUARDED_AVAILABILITY = YES_AGGRESSIVE;
				CLANG_WARN_UNREACHABLE_CODE = YES;
				CLANG_WARN__DUPLICATE_METHOD_MATCH = YES;
				COPY_PHASE_STRIP = NO;
				DEBUG_INFORMATION_FORMAT = dwarf;
				ENABLE_STRICT_OBJC_MSGSEND = YES;
				ENABLE_TESTABILITY = YES;
				GCC_C_LANGUAGE_STANDARD = gnu11;
				GCC_DYNAMIC_NO_PIC = NO;
				GCC_NO_COMMON_BLOCKS = YES;
				GCC_OPTIMIZATION_LEVEL = 0;
				GCC_PREPROCESSOR_DEFINITIONS = (
					"DEBUG=1",
					"$(inherited)",
				);
				GCC_WARN_64_TO_32_BIT_CONVERSION = YES;
				GCC_WARN_ABOUT_RETURN_TYPE = YES_ERROR;
				GCC_WARN_UNDECLARED_SELECTOR = YES;
				GCC_WARN_UNINITIALIZED_AUTOS = YES_AGGRESSIVE;
				GCC_WARN_UNUSED_FUNCTION = YES;
				GCC_WARN_UNUSED_VARIABLE = YES;
				IPHONEOS_DEPLOYMENT_TARGET = 16.4;
				MTL_ENABLE_DEBUG_INFO = INCLUDE_SOURCE;
				MTL_FAST_MATH = YES;
				ONLY_ACTIVE_ARCH = YES;
				SDKROOT = iphoneos;
				SWIFT_ACTIVE_COMPILATION_CONDITIONS = DEBUG;
				SWIFT_OPTIMIZATION_LEVEL = "-Onone";
			};
			name = Debug;
		};
		FF5FAEF02AD8A3CD00523CFD /* Release */ = {
			isa = XCBuildConfiguration;
			buildSettings = {
				ALWAYS_SEARCH_USER_PATHS = NO;
				CLANG_ANALYZER_NONNULL = YES;
				CLANG_ANALYZER_NUMBER_OBJECT_CONVERSION = YES_AGGRESSIVE;
				CLANG_CXX_LANGUAGE_STANDARD = "gnu++20";
				CLANG_ENABLE_MODULES = YES;
				CLANG_ENABLE_OBJC_ARC = YES;
				CLANG_ENABLE_OBJC_WEAK = YES;
				CLANG_WARN_BLOCK_CAPTURE_AUTORELEASING = YES;
				CLANG_WARN_BOOL_CONVERSION = YES;
				CLANG_WARN_COMMA = YES;
				CLANG_WARN_CONSTANT_CONVERSION = YES;
				CLANG_WARN_DEPRECATED_OBJC_IMPLEMENTATIONS = YES;
				CLANG_WARN_DIRECT_OBJC_ISA_USAGE = YES_ERROR;
				CLANG_WARN_DOCUMENTATION_COMMENTS = YES;
				CLANG_WARN_EMPTY_BODY = YES;
				CLANG_WARN_ENUM_CONVERSION = YES;
				CLANG_WARN_INFINITE_RECURSION = YES;
				CLANG_WARN_INT_CONVERSION = YES;
				CLANG_WARN_NON_LITERAL_NULL_CONVERSION = YES;
				CLANG_WARN_OBJC_IMPLICIT_RETAIN_SELF = YES;
				CLANG_WARN_OBJC_LITERAL_CONVERSION = YES;
				CLANG_WARN_OBJC_ROOT_CLASS = YES_ERROR;
				CLANG_WARN_QUOTED_INCLUDE_IN_FRAMEWORK_HEADER = YES;
				CLANG_WARN_RANGE_LOOP_ANALYSIS = YES;
				CLANG_WARN_STRICT_PROTOTYPES = YES;
				CLANG_WARN_SUSPICIOUS_MOVE = YES;
				CLANG_WARN_UNGUARDED_AVAILABILITY = YES_AGGRESSIVE;
				CLANG_WARN_UNREACHABLE_CODE = YES;
				CLANG_WARN__DUPLICATE_METHOD_MATCH = YES;
				COPY_PHASE_STRIP = NO;
				DEBUG_INFORMATION_FORMAT = "dwarf-with-dsym";
				ENABLE_NS_ASSERTIONS = NO;
				ENABLE_STRICT_OBJC_MSGSEND = YES;
				GCC_C_LANGUAGE_STANDARD = gnu11;
				GCC_NO_COMMON_BLOCKS = YES;
				GCC_WARN_64_TO_32_BIT_CONVERSION = YES;
				GCC_WARN_ABOUT_RETURN_TYPE = YES_ERROR;
				GCC_WARN_UNDECLARED_SELECTOR = YES;
				GCC_WARN_UNINITIALIZED_AUTOS = YES_AGGRESSIVE;
				GCC_WARN_UNUSED_FUNCTION = YES;
				GCC_WARN_UNUSED_VARIABLE = YES;
				IPHONEOS_DEPLOYMENT_TARGET = 16.4;
				MTL_ENABLE_DEBUG_INFO = NO;
				MTL_FAST_MATH = YES;
				SDKROOT = iphoneos;
				SWIFT_COMPILATION_MODE = wholemodule;
				SWIFT_OPTIMIZATION_LEVEL = "-O";
				VALIDATE_PRODUCT = YES;
			};
			name = Release;
		};
		FF5FAEF22AD8A3CD00523CFD /* Debug */ = {
			isa = XCBuildConfiguration;
			buildSettings = {
				ASSETCATALOG_COMPILER_APPICON_NAME = AppIcon;
				ASSETCATALOG_COMPILER_GLOBAL_ACCENT_COLOR_NAME = AccentColor;
				CODE_SIGN_STYLE = Automatic;
				CURRENT_PROJECT_VERSION = 1;
				DEVELOPMENT_TEAM = D23NK3BZLQ;
				GENERATE_INFOPLIST_FILE = YES;
				INFOPLIST_FILE = "Football Chants/Info.plist";
				INFOPLIST_KEY_UIApplicationSupportsIndirectInputEvents = YES;
				INFOPLIST_KEY_UILaunchStoryboardName = LaunchScreen;
				INFOPLIST_KEY_UISupportedInterfaceOrientations = UIInterfaceOrientationPortrait;
				INFOPLIST_KEY_UISupportedInterfaceOrientations_iPad = "UIInterfaceOrientationLandscapeLeft UIInterfaceOrientationLandscapeRight UIInterfaceOrientationPortrait UIInterfaceOrientationPortraitUpsideDown";
				IPHONEOS_DEPLOYMENT_TARGET = 13.0;
				LD_RUNPATH_SEARCH_PATHS = (
					"$(inherited)",
					"@executable_path/Frameworks",
				);
				MARKETING_VERSION = 1.0;
				PRODUCT_BUNDLE_IDENTIFIER = "com.paradiseDevelopers.Football-Chants";
				PRODUCT_NAME = "$(TARGET_NAME)";
				SUPPORTED_PLATFORMS = "iphoneos iphonesimulator";
				SUPPORTS_MACCATALYST = NO;
				SUPPORTS_MAC_DESIGNED_FOR_IPHONE_IPAD = NO;
				SWIFT_EMIT_LOC_STRINGS = YES;
				SWIFT_VERSION = 5.0;
				TARGETED_DEVICE_FAMILY = 1;
			};
			name = Debug;
		};
		FF5FAEF32AD8A3CD00523CFD /* Release */ = {
			isa = XCBuildConfiguration;
			buildSettings = {
				ASSETCATALOG_COMPILER_APPICON_NAME = AppIcon;
				ASSETCATALOG_COMPILER_GLOBAL_ACCENT_COLOR_NAME = AccentColor;
				CODE_SIGN_STYLE = Automatic;
				CURRENT_PROJECT_VERSION = 1;
				DEVELOPMENT_TEAM = D23NK3BZLQ;
				GENERATE_INFOPLIST_FILE = YES;
				INFOPLIST_FILE = "Football Chants/Info.plist";
				INFOPLIST_KEY_UIApplicationSupportsIndirectInputEvents = YES;
				INFOPLIST_KEY_UILaunchStoryboardName = LaunchScreen;
				INFOPLIST_KEY_UISupportedInterfaceOrientations = UIInterfaceOrientationPortrait;
				INFOPLIST_KEY_UISupportedInterfaceOrientations_iPad = "UIInterfaceOrientationLandscapeLeft UIInterfaceOrientationLandscapeRight UIInterfaceOrientationPortrait UIInterfaceOrientationPortraitUpsideDown";
				IPHONEOS_DEPLOYMENT_TARGET = 13.0;
				LD_RUNPATH_SEARCH_PATHS = (
					"$(inherited)",
					"@executable_path/Frameworks",
				);
				MARKETING_VERSION = 1.0;
				PRODUCT_BUNDLE_IDENTIFIER = "com.paradiseDevelopers.Football-Chants";
				PRODUCT_NAME = "$(TARGET_NAME)";
				SUPPORTED_PLATFORMS = "iphoneos iphonesimulator";
				SUPPORTS_MACCATALYST = NO;
				SUPPORTS_MAC_DESIGNED_FOR_IPHONE_IPAD = NO;
				SWIFT_EMIT_LOC_STRINGS = YES;
				SWIFT_VERSION = 5.0;
				TARGETED_DEVICE_FAMILY = 1;
			};
			name = Release;
		};
/* End XCBuildConfiguration section */

/* Begin XCConfigurationList section */
		FF5FAED82AD8A3CC00523CFD /* Build configuration list for PBXProject "Football Chants" */ = {
			isa = XCConfigurationList;
			buildConfigurations = (
				FF5FAEEF2AD8A3CD00523CFD /* Debug */,
				FF5FAEF02AD8A3CD00523CFD /* Release */,
			);
			defaultConfigurationIsVisible = 0;
			defaultConfigurationName = Release;
		};
		FF5FAEF12AD8A3CD00523CFD /* Build configuration list for PBXNativeTarget "Football Chants" */ = {
			isa = XCConfigurationList;
			buildConfigurations = (
				FF5FAEF22AD8A3CD00523CFD /* Debug */,
				FF5FAEF32AD8A3CD00523CFD /* Release */,
			);
			defaultConfigurationIsVisible = 0;
			defaultConfigurationName = Release;
		};
/* End XCConfigurationList section */
	};
	rootObject = FF5FAED52AD8A3CC00523CFD /* Project object */;
}
